{
  "name": "mrdanishsaleem",
  "version": "1.0.0",
  "lockfileVersion": 3,
  "requires": true,
  "packages": {
    "": {
      "name": "mrdanishsaleem",
      "version": "1.0.0",
      "license": "ISC",
      "dependencies": {
        "mrdanishsaleem": "^1.0.0"
      },
      "bin": {
        "mrdanishsaleem": "index.js"
      }
    },
    "node_modules/mrdanishsaleem": {
      "version": "1.0.0",
      "resolved": "https://registry.npmjs.org/mrdanishsaleem/-/mrdanishsaleem-1.0.0.tgz",
      "integrity": "sha512-6zI5xiLM2kWLNfGE+aATjx3dIGQZk1HMVoAdtzhOuBPTpyOR0qua/fByuZ2yqwuf5dAl7eNdMRKI/W2YocCmeg==",
      "bin": {
        "mrdanishsaleem": "index.js"
      }
    }
  }
}
